<?xml version="1.0" encoding="utf-8"?>
<Project ToolsVersion="4.0" xmlns="http://schemas.microsoft.com/developer/msbuild/2003">
  <ItemGroup>
    <Filter Include="Source Files">
      <UniqueIdentifier>{4FC737F1-C7A5-4376-A066-2A32D752A2FF}</UniqueIdentifier>
      <Extensions>cpp;cxx;c;def</Extensions>
    </Filter>
    <Filter Include="Header Files">
      <UniqueIdentifier>{93995380-89BD-4b04-88EB-625FBE52EBFB}</UniqueIdentifier>
      <Extensions>h</Extensions>
    </Filter>
    <Filter Include="Form Files">
      <UniqueIdentifier>{99349809-55BA-4b9d-BF79-8FDBB0286EB3}</UniqueIdentifier>
      <Extensions>ui</Extensions>
    </Filter>
    <Filter Include="Resource Files">
      <UniqueIdentifier>{D9D6E242-F8AF-46E4-B9FD-80ECBC20BA3E}</UniqueIdentifier>
      <Extensions>qrc;*</Extensions>
      <ParseFiles>false</ParseFiles>
    </Filter>
    <Filter Include="Generated Files">
      <UniqueIdentifier>{71ED8ED8-ACB9-4CE9-BBE1-E00B30144E11}</UniqueIdentifier>
      <Extensions>moc;h;cpp</Extensions>
      <SourceControlFiles>False</SourceControlFiles>
    </Filter>
    <Filter Include="Generated Files\Debug">
      <UniqueIdentifier>{7b2b273f-56ec-4f1f-88fb-6628b6cd3440}</UniqueIdentifier>
      <Extensions>cpp;moc</Extensions>
      <SourceControlFiles>False</SourceControlFiles>
    </Filter>
    <Filter Include="Generated Files\Release">
      <UniqueIdentifier>{bb00b56b-3eef-4201-8069-4102ca276555}</UniqueIdentifier>
      <Extensions>cpp;moc</Extensions>
      <SourceControlFiles>False</SourceControlFiles>
    </Filter>
    <Filter Include="TableView">
      <UniqueIdentifier>{32e3dcf6-218a-4c8e-a524-a4095ba7ee3c}</UniqueIdentifier>
    </Filter>
  </ItemGroup>
  <ItemGroup>
    <ClCompile Include="Bar.cpp">
      <Filter>Source Files</Filter>
    </ClCompile>
    <ClCompile Include="GeneratedFiles\Debug\moc_Bar.cpp">
      <Filter>Generated Files\Debug</Filter>
    </ClCompile>
    <ClCompile Include="GeneratedFiles\Release\moc_Bar.cpp">
      <Filter>Generated Files\Release</Filter>
    </ClCompile>
    <ClCompile Include="Central.cpp">
      <Filter>Source Files</Filter>
    </ClCompile>
    <ClCompile Include="GeneratedFiles\Debug\moc_Central.cpp">
      <Filter>Generated Files\Debug</Filter>
    </ClCompile>
    <ClCompile Include="GeneratedFiles\Release\moc_Central.cpp">
      <Filter>Generated Files\Release</Filter>
    </ClCompile>
    <ClCompile Include="Clipper.cpp">
      <Filter>Source Files</Filter>
    </ClCompile>
    <ClCompile Include="GeneratedFiles\Debug\moc_Clipper.cpp">
      <Filter>Generated Files\Debug</Filter>
    </ClCompile>
    <ClCompile Include="GeneratedFiles\Release\moc_Clipper.cpp">
      <Filter>Generated Files\Release</Filter>
    </ClCompile>
    <ClCompile Include="main.cpp">
      <Filter>Source Files</Filter>
    </ClCompile>
    <ClCompile Include="MainWidget.cpp">
      <Filter>Source Files</Filter>
    </ClCompile>
    <ClCompile Include="GeneratedFiles\Debug\moc_MainWidget.cpp">
      <Filter>Generated Files\Debug</Filter>
    </ClCompile>
    <ClCompile Include="GeneratedFiles\Release\moc_MainWidget.cpp">
      <Filter>Generated Files\Release</Filter>
    </ClCompile>
    <ClCompile Include="Ruler.cpp">
      <Filter>Source Files</Filter>
    </ClCompile>
    <ClCompile Include="GeneratedFiles\Debug\moc_Ruler.cpp">
      <Filter>Generated Files\Debug</Filter>
    </ClCompile>
    <ClCompile Include="GeneratedFiles\Release\moc_Ruler.cpp">
      <Filter>Generated Files\Release</Filter>
    </ClCompile>
    <ClCompile Include="UndoCommand.cpp">
      <Filter>Source Files</Filter>
    </ClCompile>
    <ClCompile Include="GeneratedFiles\qrc_mainwidget.cpp">
      <Filter>Generated Files</Filter>
    </ClCompile>
    <ClCompile Include="RotateItem.cpp">
      <Filter>Source Files</Filter>
    </ClCompile>
    <ClCompile Include="GeneratedFiles\Debug\moc_RotateItem.cpp">
      <Filter>Generated Files\Debug</Filter>
    </ClCompile>
    <ClCompile Include="GeneratedFiles\Release\moc_RotateItem.cpp">
      <Filter>Generated Files\Release</Filter>
    </ClCompile>
    <ClCompile Include="TableView\AllItemModel.cpp">
      <Filter>TableView</Filter>
    </ClCompile>
    <ClCompile Include="TableView\DomItem.cpp">
      <Filter>TableView</Filter>
    </ClCompile>
    <ClCompile Include="TableView\ItemModel.cpp">
      <Filter>TableView</Filter>
    </ClCompile>
    <ClCompile Include="GeneratedFiles\Debug\moc_ItemModel.cpp">
      <Filter>Generated Files\Debug</Filter>
    </ClCompile>
    <ClCompile Include="GeneratedFiles\Release\moc_ItemModel.cpp">
      <Filter>Generated Files\Release</Filter>
    </ClCompile>
    <ClCompile Include="TableView\TreeView.cpp">
      <Filter>TableView</Filter>
    </ClCompile>
    <ClCompile Include="Projector.cpp">
      <Filter>Source Files</Filter>
    </ClCompile>
    <ClCompile Include="GeneratedFiles\Debug\moc_Projector.cpp">
      <Filter>Generated Files\Debug</Filter>
    </ClCompile>
    <ClCompile Include="GeneratedFiles\Release\moc_Projector.cpp">
      <Filter>Generated Files\Release</Filter>
    </ClCompile>
    <ClCompile Include="TableView\ProjectorDelegate.cpp">
      <Filter>TableView</Filter>
    </ClCompile>
    <ClCompile Include="GeneratedFiles\Debug\moc_ProjectorDelegate.cpp">
      <Filter>Generated Files\Debug</Filter>
    </ClCompile>
    <ClCompile Include="GeneratedFiles\Release\moc_ProjectorDelegate.cpp">
      <Filter>Generated Files\Release</Filter>
    </ClCompile>
    <ClCompile Include="RotatePropertyWidget.cpp">
      <Filter>Source Files</Filter>
    </ClCompile>
    <ClCompile Include="GeneratedFiles\Debug\moc_RotatePropertyWidget.cpp">
      <Filter>Generated Files\Debug</Filter>
    </ClCompile>
    <ClCompile Include="GeneratedFiles\Release\moc_RotatePropertyWidget.cpp">
      <Filter>Generated Files\Release</Filter>
    </ClCompile>
    <ClCompile Include="PositionWidget.cpp">
      <Filter>Source Files</Filter>
    </ClCompile>
    <ClCompile Include="GeneratedFiles\Debug\moc_PositionWidget.cpp">
      <Filter>Generated Files\Debug</Filter>
    </ClCompile>
    <ClCompile Include="GeneratedFiles\Release\moc_PositionWidget.cpp">
      <Filter>Generated Files\Release</Filter>
    </ClCompile>
    <ClCompile Include="GeneratedFiles\Debug\moc_AllItemModel.cpp">
      <Filter>Generated Files\Debug</Filter>
    </ClCompile>
    <ClCompile Include="GeneratedFiles\Release\moc_AllItemModel.cpp">
      <Filter>Generated Files\Release</Filter>
    </ClCompile>
    <ClCompile Include="GeneratedFiles\Debug\moc_TreeView.cpp">
      <Filter>Generated Files\Debug</Filter>
    </ClCompile>
    <ClCompile Include="GeneratedFiles\Release\moc_TreeView.cpp">
      <Filter>Generated Files\Release</Filter>
    </ClCompile>
  </ItemGroup>
  <ItemGroup>
    <CustomBuild Include="Bar.h">
      <Filter>Header Files</Filter>
    </CustomBuild>
    <CustomBuild Include="Central.h">
      <Filter>Header Files</Filter>
    </CustomBuild>
    <CustomBuild Include="Clipper.h">
      <Filter>Header Files</Filter>
    </CustomBuild>
    <CustomBuild Include="MainWidget.h">
      <Filter>Header Files</Filter>
    </CustomBuild>
    <CustomBuild Include="Ruler.h">
      <Filter>Header Files</Filter>
    </CustomBuild>
    <CustomBuild Include="resources\mainwidget.qrc">
      <Filter>Resource Files</Filter>
    </CustomBuild>
    <CustomBuild Include="forms\about.ui">
      <Filter>Form Files</Filter>
    </CustomBuild>
    <CustomBuild Include="forms\BarSet.ui">
      <Filter>Form Files</Filter>
    </CustomBuild>
    <CustomBuild Include="forms\ratio.ui">
      <Filter>Form Files</Filter>
    </CustomBuild>
    <CustomBuild Include="forms\SelectRectSet.ui">
      <Filter>Form Files</Filter>
    </CustomBuild>
    <CustomBuild Include="forms\Start.ui">
      <Filter>Form Files</Filter>
    </CustomBuild>
    <CustomBuild Include="RotateItem.h">
      <Filter>Header Files</Filter>
    </CustomBuild>
    <CustomBuild Include="TableView\ItemModel.h">
      <Filter>TableView</Filter>
    </CustomBuild>
    <CustomBuild Include="Projector.h">
      <Filter>Header Files</Filter>
    </CustomBuild>
    <CustomBuild Include="TableView\ProjectorDelegate.h">
      <Filter>TableView</Filter>
    </CustomBuild>
    <CustomBuild Include="RotatePropertyWidget.h">
      <Filter>Header Files</Filter>
    </CustomBuild>
    <CustomBuild Include="forms\PositionWidget.ui">
      <Filter>Form Files</Filter>
    </CustomBuild>
    <CustomBuild Include="PositionWidget.h">
      <Filter>Header Files</Filter>
    </CustomBuild>
    <CustomBuild Include="TableView\AllItemModel.h">
      <Filter>TableView</Filter>
    </CustomBuild>
    <CustomBuild Include="TableView\TreeView.h">
      <Filter>TableView</Filter>
    </CustomBuild>
  </ItemGroup>
  <ItemGroup>
    <ClInclude Include="resource.h">
      <Filter>Header Files</Filter>
    </ClInclude>
    <ClInclude Include="UndoCommand.h">
      <Filter>Header Files</Filter>
    </ClInclude>
    <ClInclude Include="GeneratedFiles\ui_about.h">
      <Filter>Generated Files</Filter>
    </ClInclude>
    <ClInclude Include="GeneratedFiles\ui_BarSet.h">
      <Filter>Generated Files</Filter>
    </ClInclude>
    <ClInclude Include="GeneratedFiles\ui_ratio.h">
      <Filter>Generated Files</Filter>
    </ClInclude>
    <ClInclude Include="GeneratedFiles\ui_SelectRectSet.h">
      <Filter>Generated Files</Filter>
    </ClInclude>
    <ClInclude Include="GeneratedFiles\ui_Start.h">
      <Filter>Generated Files</Filter>
    </ClInclude>
    <ClInclude Include="TableView\DomItem.h">
      <Filter>TableView</Filter>
    </ClInclude>
    <ClInclude Include="GeneratedFiles\ui_PositionWidget.h">
      <Filter>Generated Files</Filter>
    </ClInclude>
  </ItemGroup>
  <ItemGroup>
    <ResourceCompile Include="MainWidget.rc" />
  </ItemGroup>
</Project>